{
  "name": "aoe-cockpit-test-shim",
  "version": "0.0.1",
  "lockfileVersion": 3,
  "requires": true,
  "packages": {
    "": {
      "name": "aoe-cockpit-test-shim",
      "version": "0.0.1",
      "dependencies": {
        "@agentclientprotocol/sdk": "^0.22.0"
      }
    },
    "node_modules/@agentclientprotocol/sdk": {
      "version": "0.22.1",
      "resolved": "https://registry.npmjs.org/@agentclientprotocol/sdk/-/sdk-0.22.1.tgz",
      "integrity": "sha512-DfqXtl/8gO9NImq094MTaCXEU2vkhh6v7q/kT+9UjZxUqj8hYaya2OjLVIqn16MzNHcXEpShTR2RIauLSYeDQQ==",
      "license": "Apache-2.0",
      "peerDependencies": {
        "zod": "^3.25.0 || ^4.0.0"
      }
    },
    "node_modules/zod": {
      "version": "4.4.3",
      "resolved": "https://registry.npmjs.org/zod/-/zod-4.4.3.tgz",
      "integrity": "sha512-ytENFjIJFl2UwYglde2jchW2Hwm4GJFLDiSXWdTrJQBIN9Fcyp7n4DhxJEiWNAJMV1/BqWfW/kkg71UDcHJyTQ==",
      "license": "MIT",
      "peer": true,
      "funding": {
        "url": "https://github.com/sponsors/colinhacks"
      }
    }
  }
}
