{
  "name": "aoe-agent",
  "version": "0.0.1",
  "lockfileVersion": 3,
  "requires": true,
  "packages": {
    "": {
      "name": "aoe-agent",
      "version": "0.0.1",
      "license": "MIT",
      "dependencies": {
        "@agentclientprotocol/sdk": "^0.21.0",
        "@ai-sdk/anthropic": "^3.0.78",
        "@ai-sdk/google": "^3.0.75",
        "@ai-sdk/openai": "^3.0.64",
        "@ai-sdk/openai-compatible": "^2.0.42",
        "ai": "^6.0.185",
        "zod": "^4.3.6"
      },
      "bin": {
        "aoe-agent": "src/index.ts"
      },
      "engines": {
        "node": ">=22.0.0"
      }
    },
    "node_modules/@agentclientprotocol/sdk": {
      "version": "0.21.0",
      "resolved": "https://registry.npmjs.org/@agentclientprotocol/sdk/-/sdk-0.21.0.tgz",
      "integrity": "sha512-ONj+Q8qOdNQp5XbH5jnMwzT9IKZJsSN0p0lkceS4GtUtNOPVLpNzSS8gqQdGMKfBvA0ESbkL8BTaSN1Rc9miEw==",
      "license": "Apache-2.0",
      "peerDependencies": {
        "zod": "^3.25.0 || ^4.0.0"
      }
    },
    "node_modules/@ai-sdk/anthropic": {
      "version": "3.0.78",
      "resolved": "https://registry.npmjs.org/@ai-sdk/anthropic/-/anthropic-3.0.78.tgz",
      "integrity": "sha512-0OY12G20cUt6iU6htpEA1491Oz++NVxZxlmWGX4B7rSbeZ5pnDmOu6YtW9BKzdZlNx5Gn23i6WMxyZFoMKNcgA==",
      "license": "Apache-2.0",
      "dependencies": {
        "@ai-sdk/provider": "3.0.10",
        "@ai-sdk/provider-utils": "4.0.27"
      },
      "engines": {
        "node": ">=18"
      },
      "peerDependencies": {
        "zod": "^3.25.76 || ^4.1.8"
      }
    },
    "node_modules/@ai-sdk/gateway": {
      "version": "3.0.116",
      "resolved": "https://registry.npmjs.org/@ai-sdk/gateway/-/gateway-3.0.116.tgz",
      "integrity": "sha512-k8P17w7Eho5Y4l3tZrYxqQdffkI4xwtl8GCxkZs+JdMWZhyrLLlozqWkKLaWrCSlEYQOeIhEnQLhqQgYYU86Rw==",
      "license": "Apache-2.0",
      "dependencies": {
        "@ai-sdk/provider": "3.0.10",
        "@ai-sdk/provider-utils": "4.0.27",
        "@vercel/oidc": "3.2.0"
      },
      "engines": {
        "node": ">=18"
      },
      "peerDependencies": {
        "zod": "^3.25.76 || ^4.1.8"
      }
    },
    "node_modules/@ai-sdk/google": {
      "version": "3.0.75",
      "resolved": "https://registry.npmjs.org/@ai-sdk/google/-/google-3.0.75.tgz",
      "integrity": "sha512-XAm31ftiOrzlb8NjDzT7kw0xw+4lmgFdGFn1QKM73nXFFKyN1kWLESBV75UGNfjXP8X1YJ0YydnMVqO0jaPghw==",
      "license": "Apache-2.0",
      "dependencies": {
        "@ai-sdk/provider": "3.0.10",
        "@ai-sdk/provider-utils": "4.0.27"
      },
      "engines": {
        "node": ">=18"
      },
      "peerDependencies": {
        "zod": "^3.25.76 || ^4.1.8"
      }
    },
    "node_modules/@ai-sdk/openai": {
      "version": "3.0.64",
      "resolved": "https://registry.npmjs.org/@ai-sdk/openai/-/openai-3.0.64.tgz",
      "integrity": "sha512-epO4iS6QwktaY2PF6uBcPnDTJ3BxPOfsGS7/OEtBe3GtNj7C8h8gMDVtIe5K8W16HNDbn0tbR4dcQfpfs+XVFg==",
      "license": "Apache-2.0",
      "dependencies": {
        "@ai-sdk/provider": "3.0.10",
        "@ai-sdk/provider-utils": "4.0.27"
      },
      "engines": {
        "node": ">=18"
      },
      "peerDependencies": {
        "zod": "^3.25.76 || ^4.1.8"
      }
    },
    "node_modules/@ai-sdk/openai-compatible": {
      "version": "2.0.42",
      "resolved": "https://registry.npmjs.org/@ai-sdk/openai-compatible/-/openai-compatible-2.0.42.tgz",
      "integrity": "sha512-hjq485U/dpi6Hvjzw5+F1vohCrB1kibGHlUFknYGa4nOoCnSvFM1lTXEIyTAkjK1uXgTbNk8vw66lbEyWT12jg==",
      "license": "Apache-2.0",
      "dependencies": {
        "@ai-sdk/provider": "3.0.9",
        "@ai-sdk/provider-utils": "4.0.24"
      },
      "engines": {
        "node": ">=18"
      },
      "peerDependencies": {
        "zod": "^3.25.76 || ^4.1.8"
      }
    },
    "node_modules/@ai-sdk/openai-compatible/node_modules/@ai-sdk/provider": {
      "version": "3.0.9",
      "resolved": "https://registry.npmjs.org/@ai-sdk/provider/-/provider-3.0.9.tgz",
      "integrity": "sha512-/ngMKqKdL9dSlY/eQ3NFDzzFyw0Hix+cbFFlyuKEKcOgpHdBt/spKUvX/i0wGrDLFPYJeVvv3N0j92LxWRL7yQ==",
      "license": "Apache-2.0",
      "dependencies": {
        "json-schema": "^0.4.0"
      },
      "engines": {
        "node": ">=18"
      }
    },
    "node_modules/@ai-sdk/openai-compatible/node_modules/@ai-sdk/provider-utils": {
      "version": "4.0.24",
      "resolved": "https://registry.npmjs.org/@ai-sdk/provider-utils/-/provider-utils-4.0.24.tgz",
      "integrity": "sha512-oXIw1oLmuBILuvHgSj6w5LOV8oSnFRouPSv0MGkG9sRMeukZ9JnMF17kldaRQaRq8lSJIxo6aS3NzWlVmSb+4Q==",
      "license": "Apache-2.0",
      "dependencies": {
        "@ai-sdk/provider": "3.0.9",
        "@standard-schema/spec": "^1.1.0",
        "eventsource-parser": "^3.0.8"
      },
      "engines": {
        "node": ">=18"
      },
      "peerDependencies": {
        "zod": "^3.25.76 || ^4.1.8"
      }
    },
    "node_modules/@ai-sdk/provider": {
      "version": "3.0.10",
      "resolved": "https://registry.npmjs.org/@ai-sdk/provider/-/provider-3.0.10.tgz",
      "integrity": "sha512-Q3BZ27qfpYqnCYGvE3vt+Qi6LGOF9R5Nmzn+9JoM1lCRsD9mYaIhfJLkSunN48nfGXJ6n+XNV0J/XVpqGQl7Dw==",
      "license": "Apache-2.0",
      "dependencies": {
        "json-schema": "^0.4.0"
      },
      "engines": {
        "node": ">=18"
      }
    },
    "node_modules/@ai-sdk/provider-utils": {
      "version": "4.0.27",
      "resolved": "https://registry.npmjs.org/@ai-sdk/provider-utils/-/provider-utils-4.0.27.tgz",
      "integrity": "sha512-ubkAJ+xODouwtmN1tYlvTPphH1hPOBfZaEQe8U7skGvFAnIRs9PPpsq57bC2+Ky/MB4yzhd6YOsxTAx9sGpazw==",
      "license": "Apache-2.0",
      "dependencies": {
        "@ai-sdk/provider": "3.0.10",
        "@standard-schema/spec": "^1.1.0",
        "eventsource-parser": "^3.0.8"
      },
      "engines": {
        "node": ">=18"
      },
      "peerDependencies": {
        "zod": "^3.25.76 || ^4.1.8"
      }
    },
    "node_modules/@opentelemetry/api": {
      "version": "1.9.0",
      "resolved": "https://registry.npmjs.org/@opentelemetry/api/-/api-1.9.0.tgz",
      "integrity": "sha512-3giAOQvZiH5F9bMlMiv8+GSPMeqg0dbaeo58/0SlA9sxSqZhnUtxzX9/2FzyhS9sWQf5S0GJE0AKBrFqjpeYcg==",
      "license": "Apache-2.0",
      "engines": {
        "node": ">=8.0.0"
      }
    },
    "node_modules/@standard-schema/spec": {
      "version": "1.1.0",
      "resolved": "https://registry.npmjs.org/@standard-schema/spec/-/spec-1.1.0.tgz",
      "integrity": "sha512-l2aFy5jALhniG5HgqrD6jXLi/rUWrKvqN/qJx6yoJsgKhblVd+iqqU4RCXavm/jPityDo5TCvKMnpjKnOriy0w==",
      "license": "MIT"
    },
    "node_modules/@vercel/oidc": {
      "version": "3.2.0",
      "resolved": "https://registry.npmjs.org/@vercel/oidc/-/oidc-3.2.0.tgz",
      "integrity": "sha512-UycprH3T6n3jH0k44NHMa7pnFHGu/N05MjojYr+Mc6I7obkoLIJujSWwin1pCvdy/eOxrI/l3uDLQsmcrOb4ug==",
      "license": "Apache-2.0",
      "engines": {
        "node": ">= 20"
      }
    },
    "node_modules/ai": {
      "version": "6.0.185",
      "resolved": "https://registry.npmjs.org/ai/-/ai-6.0.185.tgz",
      "integrity": "sha512-oGsqscREaTlo75KHZLtwZxRyI+ZBwHV2wRX9B8smHjgOs13WwoCvUyr5aPUWpIBRz406wmIKy1RzoUEq0/WKJw==",
      "license": "Apache-2.0",
      "dependencies": {
        "@ai-sdk/gateway": "3.0.116",
        "@ai-sdk/provider": "3.0.10",
        "@ai-sdk/provider-utils": "4.0.27",
        "@opentelemetry/api": "^1.9.0"
      },
      "engines": {
        "node": ">=18"
      },
      "peerDependencies": {
        "zod": "^3.25.76 || ^4.1.8"
      }
    },
    "node_modules/eventsource-parser": {
      "version": "3.0.8",
      "resolved": "https://registry.npmjs.org/eventsource-parser/-/eventsource-parser-3.0.8.tgz",
      "integrity": "sha512-70QWGkr4snxr0OXLRWsFLeRBIRPuQOvt4s8QYjmUlmlkyTZkRqS7EDVRZtzU3TiyDbXSzaOeF0XUKy8PchzukQ==",
      "license": "MIT",
      "engines": {
        "node": ">=18.0.0"
      }
    },
    "node_modules/json-schema": {
      "version": "0.4.0",
      "resolved": "https://registry.npmjs.org/json-schema/-/json-schema-0.4.0.tgz",
      "integrity": "sha512-es94M3nTIfsEPisRafak+HDLfHXnKBhV3vU5eqPcS3flIWqcxJWgXHXiey3YrpaNsanY5ei1VoYEbOzijuq9BA==",
      "license": "(AFL-2.1 OR BSD-3-Clause)"
    },
    "node_modules/zod": {
      "version": "4.3.6",
      "resolved": "https://registry.npmjs.org/zod/-/zod-4.3.6.tgz",
      "integrity": "sha512-rftlrkhHZOcjDwkGlnUtZZkvaPHCsDATp4pGpuOOMDaTdDDXF91wuVDJoWoPsKX/3YPQ5fHuF3STjcYyKr+Qhg==",
      "license": "MIT",
      "funding": {
        "url": "https://github.com/sponsors/colinhacks"
      }
    }
  }
}
